// !$*UTF8*$!
{
	archiveVersion = 1;
	classes = {
	};
	objectVersion = 56;
	objects = {

/* Begin PBXBuildFile section */
		CF5F1EC529DBBF5C00DBD005 /* ReminderModel.xcdatamodeld in Sources */ = {isa = PBXBuildFile; fileRef = CF5F1EC329DBBF5C00DBD005 /* ReminderModel.xcdatamodeld */; };
		CF5F1EC829DBC47100DBD005 /* MyList+CoreDataClass.swift in Sources */ = {isa = PBXBuildFile; fileRef = CF5F1EC729DBC47100DBD005 /* MyList+CoreDataClass.swift */; };
		CF5F1ECA29DBC4EE00DBD005 /* MyList+CoreDataProperties.swift in Sources */ = {isa = PBXBuildFile; fileRef = CF5F1EC929DBC4EE00DBD005 /* MyList+CoreDataProperties.swift */; };
		CFA33A5B29D3A0EB009993E6 /* ReminderApp.swift in Sources */ = {isa = PBXBuildFile; fileRef = CFA33A5A29D3A0EB009993E6 /* ReminderApp.swift */; };
		CFA33A5D29D3A0EB009993E6 /* ContentView.swift in Sources */ = {isa = PBXBuildFile; fileRef = CFA33A5C29D3A0EB009993E6 /* ContentView.swift */; };
		CFA33A5F29D3A0EC009993E6 /* Assets.xcassets in Resources */ = {isa = PBXBuildFile; fileRef = CFA33A5E29D3A0EC009993E6 /* Assets.xcassets */; };
		CFA33A6229D3A0EC009993E6 /* Preview Assets.xcassets in Resources */ = {isa = PBXBuildFile; fileRef = CFA33A6129D3A0EC009993E6 /* Preview Assets.xcassets */; };
		CFA33A6A29D3A7AD009993E6 /* CoreDataProvider.swift in Sources */ = {isa = PBXBuildFile; fileRef = CFA33A6929D3A7AD009993E6 /* CoreDataProvider.swift */; };
/* End PBXBuildFile section */

/* Begin PBXFileReference section */
		CF5F1EC429DBBF5C00DBD005 /* ReminderModel.xcdatamodel */ = {isa = PBXFileReference; lastKnownFileType = wrapper.xcdatamodel; path = ReminderModel.xcdatamodel; sourceTree = "<group>"; };
		CF5F1EC729DBC47100DBD005 /* MyList+CoreDataClass.swift */ = {isa = PBXFileReference; lastKnownFileType = sourcecode.swift; path = "MyList+CoreDataClass.swift"; sourceTree = "<group>"; };
		CF5F1EC929DBC4EE00DBD005 /* MyList+CoreDataProperties.swift */ = {isa = PBXFileReference; lastKnownFileType = sourcecode.swift; path = "MyList+CoreDataProperties.swift"; sourceTree = "<group>"; };
		CFA33A5729D3A0EB009993E6 /* Reminder.app */ = {isa = PBXFileReference; explicitFileType = wrapper.application; includeInIndex = 0; path = Reminder.app; sourceTree = BUILT_PRODUCTS_DIR; };
		CFA33A5A29D3A0EB009993E6 /* ReminderApp.swift */ = {isa = PBXFileReference; lastKnownFileType = sourcecode.swift; path = ReminderApp.swift; sourceTree = "<group>"; };
		CFA33A5C29D3A0EB009993E6 /* ContentView.swift */ = {isa = PBXFileReference; lastKnownFileType = sourcecode.swift; path = ContentView.swift; sourceTree = "<group>"; };
		CFA33A5E29D3A0EC009993E6 /* Assets.xcassets */ = {isa = PBXFileReference; lastKnownFileType = folder.assetcatalog; path = Assets.xcassets; sourceTree = "<group>"; };
		CFA33A6129D3A0EC009993E6 /* Preview Assets.xcassets */ = {isa = PBXFileReference; lastKnownFileType = folder.assetcatalog; path = "Preview Assets.xcassets"; sourceTree = "<group>"; };
		CFA33A6929D3A7AD009993E6 /* CoreDataProvider.swift */ = {isa = PBXFileReference; lastKnownFileType = sourcecode.swift; path = CoreDataProvider.swift; sourceTree = "<group>"; };
/* End PBXFileReference section */

/* Begin PBXFrameworksBuildPhase section */
		CFA33A5429D3A0EB009993E6 /* Frameworks */ = {
			isa = PBXFrameworksBuildPhase;
			buildActionMask = 2147483647;
			files = (
			);
			runOnlyForDeploymentPostprocessing = 0;
		};
/* End PBXFrameworksBuildPhase section */

/* Begin PBXGroup section */
		CF5F1EC629DBC45000DBD005 /* Models */ = {
			isa = PBXGroup;
			children = (
				CF5F1EC729DBC47100DBD005 /* MyList+CoreDataClass.swift */,
				CF5F1EC929DBC4EE00DBD005 /* MyList+CoreDataProperties.swift */,
			);
			path = Models;
			sourceTree = "<group>";
		};
		CFA33A4E29D3A0EB009993E6 = {
			isa = PBXGroup;
			children = (
				CFA33A5929D3A0EB009993E6 /* Reminder */,
				CFA33A5829D3A0EB009993E6 /* Products */,
			);
			sourceTree = "<group>";
		};
		CFA33A5829D3A0EB009993E6 /* Products */ = {
			isa = PBXGroup;
			children = (
				CFA33A5729D3A0EB009993E6 /* Reminder.app */,
			);
			name = Products;
			sourceTree = "<group>";
		};
		CFA33A5929D3A0EB009993E6 /* Reminder */ = {
			isa = PBXGroup;
			children = (
				CF5F1EC629DBC45000DBD005 /* Models */,
				CFA33A6829D3A791009993E6 /* Providers */,
				CFA33A5A29D3A0EB009993E6 /* ReminderApp.swift */,
				CFA33A5C29D3A0EB009993E6 /* ContentView.swift */,
				CFA33A5E29D3A0EC009993E6 /* Assets.xcassets */,
				CFA33A6029D3A0EC009993E6 /* Preview Content */,
				CF5F1EC329DBBF5C00DBD005 /* ReminderModel.xcdatamodeld */,
			);
			path = Reminder;
			sourceTree = "<group>";
		};
		CFA33A6029D3A0EC009993E6 /* Preview Content */ = {
			isa = PBXGroup;
			children = (
				CFA33A6129D3A0EC009993E6 /* Preview Assets.xcassets */,
			);
			path = "Preview Content";
			sourceTree = "<group>";
		};
		CFA33A6829D3A791009993E6 /* Providers */ = {
			isa = PBXGroup;
			children = (
				CFA33A6929D3A7AD009993E6 /* CoreDataProvider.swift */,
			);
			path = Providers;
			sourceTree = "<group>";
		};
/* End PBXGroup section */

/* Begin PBXNativeTarget section */
		CFA33A5629D3A0EB009993E6 /* Reminder */ = {
			isa = PBXNativeTarget;
			buildConfigurationList = CFA33A6529D3A0EC009993E6 /* Build configuration list for PBXNativeTarget "Reminder" */;
			buildPhases = (
				CFA33A5329D3A0EB009993E6 /* Sources */,
				CFA33A5429D3A0EB009993E6 /* Frameworks */,
				CFA33A5529D3A0EB009993E6 /* Resources */,
			);
			buildRules = (
			);
			dependencies = (
			);
			name = Reminder;
			productName = Reminder;
			productReference = CFA33A5729D3A0EB009993E6 /* Reminder.app */;
			productType = "com.apple.product-type.application";
		};
/* End PBXNativeTarget section */

/* Begin PBXProject section */
		CFA33A4F29D3A0EB009993E6 /* Project object */ = {
			isa = PBXProject;
			attributes = {
				BuildIndependentTargetsInParallel = 1;
				LastSwiftUpdateCheck = 1420;
				LastUpgradeCheck = 1420;
				TargetAttributes = {
					CFA33A5629D3A0EB009993E6 = {
						CreatedOnToolsVersion = 14.2;
					};
				};
			};
			buildConfigurationList = CFA33A5229D3A0EB009993E6 /* Build configuration list for PBXProject "Reminder" */;
			compatibilityVersion = "Xcode 14.0";
			developmentRegion = en;
			hasScannedForEncodings = 0;
			knownRegions = (
				en,
				Base,
			);
			mainGroup = CFA33A4E29D3A0EB009993E6;
			productRefGroup = CFA33A5829D3A0EB009993E6 /* Products */;
			projectDirPath = "";
			projectRoot = "";
			targets = (
				CFA33A5629D3A0EB009993E6 /* Reminder */,
			);
		};
/* End PBXProject section */

/* Begin PBXResourcesBuildPhase section */
		CFA33A5529D3A0EB009993E6 /* Resources */ = {
			isa = PBXResourcesBuildPhase;
			buildActionMask = 2147483647;
			files = (
				CFA33A6229D3A0EC009993E6 /* Preview Assets.xcassets in Resources */,
				CFA33A5F29D3A0EC009993E6 /* Assets.xcassets in Resources */,
			);
			runOnlyForDeploymentPostprocessing = 0;
		};
/* End PBXResourcesBuildPhase section */

/* Begin PBXSourcesBuildPhase section */
		CFA33A5329D3A0EB009993E6 /* Sources */ = {
			isa = PBXSourcesBuildPhase;
			buildActionMask = 2147483647;
			files = (
				CFA33A5D29D3A0EB009993E6 /* ContentView.swift in Sources */,
				CF5F1EC529DBBF5C00DBD005 /* ReminderModel.xcdatamodeld in Sources */,
				CFA33A5B29D3A0EB009993E6 /* ReminderApp.swift in Sources */,
				CF5F1ECA29DBC4EE00DBD005 /* MyList+CoreDataProperties.swift in Sources */,
				CF5F1EC829DBC47100DBD005 /* MyList+CoreDataClass.swift in Sources */,
				CFA33A6A29D3A7AD009993E6 /* CoreDataProvider.swift in Sources */,
			);
			runOnlyForDeploymentPostprocessing = 0;
		};
/* End PBXSourcesBuildPhase section */

/* Begin XCBuildConfiguration section */
		CFA33A6329D3A0EC009993E6 /* Debug */ = {
			isa = XCBuildConfiguration;
			buildSettings = {
				ALWAYS_SEARCH_USER_PATHS = NO;
				CLANG_ANALYZER_NONNULL = YES;
				CLANG_ANALYZER_NUMBER_OBJECT_CONVERSION = YES_AGGRESSIVE;
				CLANG_CXX_LANGUAGE_STANDARD = "gnu++20";
				CLANG_ENABLE_MODULES = YES;
				CLANG_ENABLE_OBJC_ARC = YES;
				CLANG_ENABLE_OBJC_WEAK = YES;
				CLANG_WARN_BLOCK_CAPTURE_AUTORELEASING = YES;
				CLANG_WARN_BOOL_CONVERSION = YES;
				CLANG_WARN_COMMA = YES;
				CLANG_WARN_CONSTANT_CONVERSION = YES;
				CLANG_WARN_DEPRECATED_OBJC_IMPLEMENTATIONS = YES;
				CLANG_WARN_DIRECT_OBJC_ISA_USAGE = YES_ERROR;
				CLANG_WARN_DOCUMENTATION_COMMENTS = YES;
				CLANG_WARN_EMPTY_BODY = YES;
				CLANG_WARN_ENUM_CONVERSION = YES;
				CLANG_WARN_INFINITE_RECURSION = YES;
				CLANG_WARN_INT_CONVERSION = YES;
				CLANG_WARN_NON_LITERAL_NULL_CONVERSION = YES;
				CLANG_WARN_OBJC_IMPLICIT_RETAIN_SELF = YES;
				CLANG_WARN_OBJC_LITERAL_CONVERSION = YES;
				CLANG_WARN_OBJC_ROOT_CLASS = YES_ERROR;
				CLANG_WARN_QUOTED_INCLUDE_IN_FRAMEWORK_HEADER = YES;
				CLANG_WARN_RANGE_LOOP_ANALYSIS = YES;
				CLANG_WARN_STRICT_PROTOTYPES = YES;
				CLANG_WARN_SUSPICIOUS_MOVE = YES;
				CLANG_WARN_UNGUARDED_AVAILABILITY = YES_AGGRESSIVE;
				CLANG_WARN_UNREACHABLE_CODE = YES;
				CLANG_WARN__DUPLICATE_METHOD_MATCH = YES;
				COPY_PHASE_STRIP = NO;
				DEBUG_INFORMATION_FORMAT = dwarf;
				ENABLE_STRICT_OBJC_MSGSEND = YES;
				ENABLE_TESTABILITY = YES;
				GCC_C_LANGUAGE_STANDARD = gnu11;
				GCC_DYNAMIC_NO_PIC = NO;
				GCC_NO_COMMON_BLOCKS = YES;
				GCC_OPTIMIZATION_LEVEL = 0;
				GCC_PREPROCESSOR_DEFINITIONS = (
					"DEBUG=1",
					"$(inherited)",
				);
				GCC_WARN_64_TO_32_BIT_CONVERSION = YES;
				GCC_WARN_ABOUT_RETURN_TYPE = YES_ERROR;
				GCC_WARN_UNDECLARED_SELECTOR = YES;
				GCC_WARN_UNINITIALIZED_AUTOS = YES_AGGRESSIVE;
				GCC_WARN_UNUSED_FUNCTION = YES;
				GCC_WARN_UNUSED_VARIABLE = YES;
				IPHONEOS_DEPLOYMENT_TARGET = 16.2;
				MTL_ENABLE_DEBUG_INFO = INCLUDE_SOURCE;
				MTL_FAST_MATH = YES;
				ONLY_ACTIVE_ARCH = YES;
				SDKROOT = iphoneos;
				SWIFT_ACTIVE_COMPILATION_CONDITIONS = DEBUG;
				SWIFT_OPTIMIZATION_LEVEL = "-Onone";
			};
			name = Debug;
		};
		CFA33A6429D3A0EC009993E6 /* Release */ = {
			isa = XCBuildConfiguration;
			buildSettings = {
				ALWAYS_SEARCH_USER_PATHS = NO;
				CLANG_ANALYZER_NONNULL = YES;
				CLANG_ANALYZER_NUMBER_OBJECT_CONVERSION = YES_AGGRESSIVE;
				CLANG_CXX_LANGUAGE_STANDARD = "gnu++20";
				CLANG_ENABLE_MODULES = YES;
				CLANG_ENABLE_OBJC_ARC = YES;
				CLANG_ENABLE_OBJC_WEAK = YES;
				CLANG_WARN_BLOCK_CAPTURE_AUTORELEASING = YES;
				CLANG_WARN_BOOL_CONVERSION = YES;
				CLANG_WARN_COMMA = YES;
				CLANG_WARN_CONSTANT_CONVERSION = YES;
				CLANG_WARN_DEPRECATED_OBJC_IMPLEMENTATIONS = YES;
				CLANG_WARN_DIRECT_OBJC_ISA_USAGE = YES_ERROR;
				CLANG_WARN_DOCUMENTATION_COMMENTS = YES;
				CLANG_WARN_EMPTY_BODY = YES;
				CLANG_WARN_ENUM_CONVERSION = YES;
				CLANG_WARN_INFINITE_RECURSION = YES;
				CLANG_WARN_INT_CONVERSION = YES;
				CLANG_WARN_NON_LITERAL_NULL_CONVERSION = YES;
				CLANG_WARN_OBJC_IMPLICIT_RETAIN_SELF = YES;
				CLANG_WARN_OBJC_LITERAL_CONVERSION = YES;
				CLANG_WARN_OBJC_ROOT_CLASS = YES_ERROR;
				CLANG_WARN_QUOTED_INCLUDE_IN_FRAMEWORK_HEADER = YES;
				CLANG_WARN_RANGE_LOOP_ANALYSIS = YES;
				CLANG_WARN_STRICT_PROTOTYPES = YES;
				CLANG_WARN_SUSPICIOUS_MOVE = YES;
				CLANG_WARN_UNGUARDED_AVAILABILITY = YES_AGGRESSIVE;
				CLANG_WARN_UNREACHABLE_CODE = YES;
				CLANG_WARN__DUPLICATE_METHOD_MATCH = YES;
				COPY_PHASE_STRIP = NO;
				DEBUG_INFORMATION_FORMAT = "dwarf-with-dsym";
				ENABLE_NS_ASSERTIONS = NO;
				ENABLE_STRICT_OBJC_MSGSEND = YES;
				GCC_C_LANGUAGE_STANDARD = gnu11;
				GCC_NO_COMMON_BLOCKS = YES;
				GCC_WARN_64_TO_32_BIT_CONVERSION = YES;
				GCC_WARN_ABOUT_RETURN_TYPE = YES_ERROR;
				GCC_WARN_UNDECLARED_SELECTOR = YES;
				GCC_WARN_UNINITIALIZED_AUTOS = YES_AGGRESSIVE;
				GCC_WARN_UNUSED_FUNCTION = YES;
				GCC_WARN_UNUSED_VARIABLE = YES;
				IPHONEOS_DEPLOYMENT_TARGET = 16.2;
				MTL_ENABLE_DEBUG_INFO = NO;
				MTL_FAST_MATH = YES;
				SDKROOT = iphoneos;
				SWIFT_COMPILATION_MODE = wholemodule;
				SWIFT_OPTIMIZATION_LEVEL = "-O";
				VALIDATE_PRODUCT = YES;
			};
			name = Release;
		};
		CFA33A6629D3A0EC009993E6 /* Debug */ = {
			isa = XCBuildConfiguration;
			buildSettings = {
				ASSETCATALOG_COMPILER_APPICON_NAME = AppIcon;
				ASSETCATALOG_COMPILER_GLOBAL_ACCENT_COLOR_NAME = AccentColor;
				CODE_SIGN_STYLE = Automatic;
				CURRENT_PROJECT_VERSION = 1;
				DEVELOPMENT_ASSET_PATHS = "\"Reminder/Preview Content\"";
				DEVELOPMENT_TEAM = FZ8UMCTY5V;
				ENABLE_PREVIEWS = YES;
				GENERATE_INFOPLIST_FILE = YES;
				INFOPLIST_KEY_UIApplicationSceneManifest_Generation = YES;
				INFOPLIST_KEY_UIApplicationSupportsIndirectInputEvents = YES;
				INFOPLIST_KEY_UILaunchScreen_Generation = YES;
				INFOPLIST_KEY_UISupportedInterfaceOrientations_iPad = "UIInterfaceOrientationPortrait UIInterfaceOrientationPortraitUpsideDown UIInterfaceOrientationLandscapeLeft UIInterfaceOrientationLandscapeRight";
				INFOPLIST_KEY_UISupportedInterfaceOrientations_iPhone = "UIInterfaceOrientationPortrait UIInterfaceOrientationLandscapeLeft UIInterfaceOrientationLandscapeRight";
				LD_RUNPATH_SEARCH_PATHS = (
					"$(inherited)",
					"@executable_path/Frameworks",
				);
				MARKETING_VERSION = 1.0;
				PRODUCT_BUNDLE_IDENTIFIER = Geeks.Reminder;
				PRODUCT_NAME = "$(TARGET_NAME)";
				SWIFT_EMIT_LOC_STRINGS = YES;
				SWIFT_VERSION = 5.0;
				TARGETED_DEVICE_FAMILY = "1,2";
			};
			name = Debug;
		};
		CFA33A6729D3A0EC009993E6 /* Release */ = {
			isa = XCBuildConfiguration;
			buildSettings = {
				ASSETCATALOG_COMPILER_APPICON_NAME = AppIcon;
				ASSETCATALOG_COMPILER_GLOBAL_ACCENT_COLOR_NAME = AccentColor;
				CODE_SIGN_STYLE = Automatic;
				CURRENT_PROJECT_VERSION = 1;
				DEVELOPMENT_ASSET_PATHS = "\"Reminder/Preview Content\"";
				DEVELOPMENT_TEAM = FZ8UMCTY5V;
				ENABLE_PREVIEWS = YES;
				GENERATE_INFOPLIST_FILE = YES;
				INFOPLIST_KEY_UIApplicationSceneManifest_Generation = YES;
				INFOPLIST_KEY_UIApplicationSupportsIndirectInputEvents = YES;
				INFOPLIST_KEY_UILaunchScreen_Generation = YES;
				INFOPLIST_KEY_UISupportedInterfaceOrientations_iPad = "UIInterfaceOrientationPortrait UIInterfaceOrientationPortraitUpsideDown UIInterfaceOrientationLandscapeLeft UIInterfaceOrientationLandscapeRight";
				INFOPLIST_KEY_UISupportedInterfaceOrientations_iPhone = "UIInterfaceOrientationPortrait UIInterfaceOrientationLandscapeLeft UIInterfaceOrientationLandscapeRight";
				LD_RUNPATH_SEARCH_PATHS = (
					"$(inherited)",
					"@executable_path/Frameworks",
				);
				MARKETING_VERSION = 1.0;
				PRODUCT_BUNDLE_IDENTIFIER = Geeks.Reminder;
				PRODUCT_NAME = "$(TARGET_NAME)";
				SWIFT_EMIT_LOC_STRINGS = YES;
				SWIFT_VERSION = 5.0;
				TARGETED_DEVICE_FAMILY = "1,2";
			};
			name = Release;
		};
/* End XCBuildConfiguration section */

/* Begin XCConfigurationList section */
		CFA33A5229D3A0EB009993E6 /* Build configuration list for PBXProject "Reminder" */ = {
			isa = XCConfigurationList;
			buildConfigurations = (
				CFA33A6329D3A0EC009993E6 /* Debug */,
				CFA33A6429D3A0EC009993E6 /* Release */,
			);
			defaultConfigurationIsVisible = 0;
			defaultConfigurationName = Release;
		};
		CFA33A6529D3A0EC009993E6 /* Build configuration list for PBXNativeTarget "Reminder" */ = {
			isa = XCConfigurationList;
			buildConfigurations = (
				CFA33A6629D3A0EC009993E6 /* Debug */,
				CFA33A6729D3A0EC009993E6 /* Release */,
			);
			defaultConfigurationIsVisible = 0;
			defaultConfigurationName = Release;
		};
/* End XCConfigurationList section */

/* Begin XCVersionGroup section */
		CF5F1EC329DBBF5C00DBD005 /* ReminderModel.xcdatamodeld */ = {
			isa = XCVersionGroup;
			children = (
				CF5F1EC429DBBF5C00DBD005 /* ReminderModel.xcdatamodel */,
			);
			currentVersion = CF5F1EC429DBBF5C00DBD005 /* ReminderModel.xcdatamodel */;
			path = ReminderModel.xcdatamodeld;
			sourceTree = "<group>";
			versionGroupType = wrapper.xcdatamodel;
		};
/* End XCVersionGroup section */
	};
	rootObject = CFA33A4F29D3A0EB009993E6 /* Project object */;
}
